{
  "version": "2",
  "remote": {
    "https://deno.land/x/dotenv@v3.2.2/load.ts": "cbd76a0aee01aad8d09222afaa1dd04b84d9d3e44637503b01bf77a91df9e041",
    "https://deno.land/x/dotenv@v3.2.2/mod.ts": "077b48773de9205266a0b44c3c3a3c3083449ed64bb0b6cc461b95720678d38e",
    "https://deno.land/x/dotenv@v3.2.2/util.ts": "693730877b13f8ead2b79b2aa31e2a0652862f7dc0c5f6d2f313f4d39c7b7670",
    "https://deno.land/x/mqtt@0.1.2/client/base_client.ts": "c6fbd5e327a9d06628e4c5bfeb1881c5d97cdc9fb01ebc9bef726ddc0ad10ced",
    "https://deno.land/x/mqtt@0.1.2/deno/deno_client.ts": "39b6ef2008107604965654374ebd58c679dcd6d941e0efb4e0a74b20eb283f46",
    "https://deno.land/x/mqtt@0.1.2/deno/mod.ts": "dcb37ab97d47432d984a41729d4f440cdb2f3ae20cce7525474fc24433f12ce3",
    "https://deno.land/x/mqtt@0.1.2/lib/mod.ts": "863c871f3d0b6e925067dc80e8fffc7e09addc7095e0f4489409687ee9081032",
    "https://deno.land/x/mqtt@0.1.2/packets/connack.ts": "d3e9ada09d812a3c0be1d4d321008ba36feb1ea56933fbdd406e0ea1671e16d1",
    "https://deno.land/x/mqtt@0.1.2/packets/connect.ts": "2088ec4eab48ffd95061dcf3aaf3c298451b96bb43e6aa6f061f10da960909ea",
    "https://deno.land/x/mqtt@0.1.2/packets/disconnect.ts": "8d1088e88459e3463b9b4fa63060e6b21dc2cc97677d1622b95c6aad3427f826",
    "https://deno.land/x/mqtt@0.1.2/packets/length.ts": "975d38ae7beb920cbfd682901e9d4eeeb54fa61854d0addd593bf646065d7ce6",
    "https://deno.land/x/mqtt@0.1.2/packets/mod.ts": "f25b831c818914b1770c7826d8057a328dd0f11e354e5cee5c3f2c0fedb1cbf7",
    "https://deno.land/x/mqtt@0.1.2/packets/pingreq.ts": "db5aad46559be466702274ad6bc458c09c2a104d46e5fd25c312a04eb237528f",
    "https://deno.land/x/mqtt@0.1.2/packets/pingres.ts": "e5ab665c6c2e430458b1a938bf12aae3989f8606328254546a0d9df011b541fa",
    "https://deno.land/x/mqtt@0.1.2/packets/puback.ts": "dea32076f3c4b47b97f62f36adff95544599a6f1d6f9b41439dba1bcb784b3ce",
    "https://deno.land/x/mqtt@0.1.2/packets/pubcomp.ts": "1c06dee45ca925b6e36eaf9b39dc5479d09ed50320946a7c56281f997666ac36",
    "https://deno.land/x/mqtt@0.1.2/packets/publish.ts": "edd807d1540a602df631ceffe6ae2966c0859785ca2234a9c73c339814f0d0db",
    "https://deno.land/x/mqtt@0.1.2/packets/pubrec.ts": "f58a32f907ecb90b5170099bd3d649ac518ebf4fb0a75697ec81fb300faff7cb",
    "https://deno.land/x/mqtt@0.1.2/packets/pubrel.ts": "0eb34365c4f055649a426d1856483f3cb6200b3e6098dc1cf5ec0e8562ed526a",
    "https://deno.land/x/mqtt@0.1.2/packets/suback.ts": "cc5f87fa94c63500812bc800bb1d1149c58b591b1c15fd969376083d6b41d660",
    "https://deno.land/x/mqtt@0.1.2/packets/subscribe.ts": "bd54a77ec57ffa6bea4c6f72a0aac4d1ef6676a4b00d59b3c9a435b416f3d1c3",
    "https://deno.land/x/mqtt@0.1.2/packets/unsuback.ts": "0e204da0419e09c0ef0ffa2c3999214982d7587d086de05761b8fe0522443b33",
    "https://deno.land/x/mqtt@0.1.2/packets/unsubscribe.ts": "750128c6526633964faa109b549fa02c1ed5bba0306f151710c86b9935b36d1d",
    "https://deno.land/x/mqtt@0.1.2/packets/utf8.ts": "72213bc8d85ae315e876a53350a87c66f98069c3529260667c365d8b7542a34a",
    "https://esm.sh/@supabase/supabase-js@2.10.0": "e010bd956751234a431823b826843e329604aa7868f33490f851f119c2589009",
    "https://esm.sh/v110/@supabase/functions-js@2.1.0/deno/functions-js.js": "376e70b1bc9eb266cdcee442b3923abf8c99eeb3307d83c420953016262c1d80",
    "https://esm.sh/v110/@supabase/functions-js@2.1.0/dist/module/FunctionsClient.d.ts": "c2e7bcf24374e6b99863f214eeef71e13d2c271039b48c9052c97f0cb3a16950",
    "https://esm.sh/v110/@supabase/functions-js@2.1.0/dist/module/index.d.ts": "1832b08edacd73b343430314bdf7af9ce456373fa3c5235b8dcdbbdf4e1d13ae",
    "https://esm.sh/v110/@supabase/functions-js@2.1.0/dist/module/types.d.ts": "085a4704c1c8969bcb9188fc018792f0c4e0387c465d26512ffc91d083767b76",
    "https://esm.sh/v110/@supabase/gotrue-js@2.12.1/deno/gotrue-js.js": "e815c59a820adceb2f4b15062e7df798708692e037a9c67376e8dba4a8e8968f",
    "https://esm.sh/v110/@supabase/gotrue-js@2.12.1/dist/module/GoTrueAdminApi.d.ts": "e26cd0616dfb78c1bd5a585ce693477968fa2d19b223b3f868e37c1b7927d16d",
    "https://esm.sh/v110/@supabase/gotrue-js@2.12.1/dist/module/GoTrueClient.d.ts": "f14a0f908246a495ad45bb6d42d7f7bf4b3d270f07db7bba29f019266b26daf8",
    "https://esm.sh/v110/@supabase/gotrue-js@2.12.1/dist/module/index.d.ts": "8cdbab5746a3ce56786025593191032aeb560f933279507c260d2bb65e83b636",
    "https://esm.sh/v110/@supabase/gotrue-js@2.12.1/dist/module/lib/errors.d.ts": "aba89c1be014c919b2ed0cd2379d71d9271f85fc8ecc850b23514710184e2b0d",
    "https://esm.sh/v110/@supabase/gotrue-js@2.12.1/dist/module/lib/fetch.d.ts": "0124365bdd93bdaefc37112cad6eafefdb01ae36c657770a64df7dbf5f305342",
    "https://esm.sh/v110/@supabase/gotrue-js@2.12.1/dist/module/lib/helpers.d.ts": "f0c24e68ebcf699a270047fb9ad94f769af0783f090519a045c651df14fd4f88",
    "https://esm.sh/v110/@supabase/gotrue-js@2.12.1/dist/module/lib/types.d.ts": "0566ec092adb022426eb3abc4260b430e558986405c09ed9f3bfebfd67947661",
    "https://esm.sh/v110/@supabase/postgrest-js@1.4.1/deno/postgrest-js.js": "0fa63cb19ff3f1054ebc785a699044057de6bc50ddbea1798063bb63eb5a4de7",
    "https://esm.sh/v110/@supabase/postgrest-js@1.4.1/dist/module/PostgrestBuilder.d.ts": "8aba1b4384974573cdd01f0fc7d688ef517d76f3f298151692b0b37249f0d1a3",
    "https://esm.sh/v110/@supabase/postgrest-js@1.4.1/dist/module/PostgrestClient.d.ts": "70bddc51d63d92a5f6817be70f4e0d232c6758b425792adb6a9912844aa18747",
    "https://esm.sh/v110/@supabase/postgrest-js@1.4.1/dist/module/PostgrestFilterBuilder.d.ts": "a5c93476d23858a561734a206dd583c1b0fe319f3e9856f69e79134608439e62",
    "https://esm.sh/v110/@supabase/postgrest-js@1.4.1/dist/module/PostgrestQueryBuilder.d.ts": "39afb003a4687be50e4089b839c4f317bf0b6a2c234929a1a51bce99276831e3",
    "https://esm.sh/v110/@supabase/postgrest-js@1.4.1/dist/module/PostgrestTransformBuilder.d.ts": "eda6937c25925489d93fb1f28b58346358d95aec887fefd5bebe4a74cf8e3948",
    "https://esm.sh/v110/@supabase/postgrest-js@1.4.1/dist/module/index.d.ts": "fffbd398e6b4db2b1320e819d395493f3169219cfec082e09787ae2bb02baaa3",
    "https://esm.sh/v110/@supabase/postgrest-js@1.4.1/dist/module/select-query-parser.d.ts": "60afa60217641702095795445e04149a360d7e22f662581253c7a7c86a5fb335",
    "https://esm.sh/v110/@supabase/postgrest-js@1.4.1/dist/module/types.d.ts": "b62bb9fdf20676f829bcf01b2348c9766b5d14a0451a964496e96ac49fcc2758",
    "https://esm.sh/v110/@supabase/realtime-js@2.6.0/deno/realtime-js.js": "9db55aa9e55647c7e6b49561bc7a056720877c9b97c6cd7e211a55321094a4c3",
    "https://esm.sh/v110/@supabase/realtime-js@2.6.0/dist/module/RealtimeChannel.d.ts": "ba0120c8ec3f95e237862f3cd47a6a27e26f3b5663b9c5a71531baee105050b3",
    "https://esm.sh/v110/@supabase/realtime-js@2.6.0/dist/module/RealtimeClient.d.ts": "f3df0873f1151c1b9a729306e7542f79b50fdcc558798731795562e53ea6d608",
    "https://esm.sh/v110/@supabase/realtime-js@2.6.0/dist/module/RealtimePresence.d.ts": "812d9ec973b56c8c518ba62abc099c32196dd531bc1ba24ed7cb62f6ffd7be12",
    "https://esm.sh/v110/@supabase/realtime-js@2.6.0/dist/module/index.d.ts": "eeff0dbcd61707a889eb2370cf3617ef42ddc2f71d7d4d18e1e43542893c066d",
    "https://esm.sh/v110/@supabase/realtime-js@2.6.0/dist/module/lib/constants.d.ts": "b8392f2eb7cf41c3479c142875adbbe4b48bfafdced532165abc1cc68aa20cb5",
    "https://esm.sh/v110/@supabase/realtime-js@2.6.0/dist/module/lib/push.d.ts": "65459f6c4c166a7264b5a7a761414c9bf4e0d2dbf0803e1e53e2ecefdbaa1e1d",
    "https://esm.sh/v110/@supabase/realtime-js@2.6.0/dist/module/lib/serializer.d.ts": "4990f875f6e9a1898655fdba7b822222f8b930bfb7c9253b4f047aa4b05d4ca1",
    "https://esm.sh/v110/@supabase/realtime-js@2.6.0/dist/module/lib/timer.d.ts": "ddf170afd193dc372316ed1f4a087f0e9732a5b8bd9cb9e5c3ac74f1cc676e31",
    "https://esm.sh/v110/@supabase/storage-js@2.3.1/deno/storage-js.js": "e182bca50e9b7c12458bd9c10da66a9a96f2f3d654a80373d5cb647be6f78232",
    "https://esm.sh/v110/@supabase/storage-js@2.3.1/dist/module/StorageClient.d.ts": "716bdde7f3ea8f49606ac540ceb4b410facb9526668711ffb5676f7935f3408d",
    "https://esm.sh/v110/@supabase/storage-js@2.3.1/dist/module/index.d.ts": "07800a0eea5587ec26d8932a4f5f10871b9e017292ab05b74b27154fb5f98860",
    "https://esm.sh/v110/@supabase/storage-js@2.3.1/dist/module/lib/errors.d.ts": "753c82a97a0e1b05fec3989af93e4fbf2f4a3da3957584613768593ef5cc8bfc",
    "https://esm.sh/v110/@supabase/storage-js@2.3.1/dist/module/lib/fetch.d.ts": "18b68d37f6564cc754ade6371fc7e655a775e91b10abf0f45d0c037b93436761",
    "https://esm.sh/v110/@supabase/storage-js@2.3.1/dist/module/lib/types.d.ts": "4cc02672a0b2d54325185cb1afb1a403f5cec265267ba6f37fd82b3201811142",
    "https://esm.sh/v110/@supabase/storage-js@2.3.1/dist/module/packages/StorageBucketApi.d.ts": "fcdbe1b00e3430099530a00a3cfb446e5065a715e0eaae55ae3fcc681de38e29",
    "https://esm.sh/v110/@supabase/storage-js@2.3.1/dist/module/packages/StorageFileApi.d.ts": "d1ce1f456ff3bf5e68078a757ffc65ddd7243a90dfd490afa5d47650db75854d",
    "https://esm.sh/v110/@supabase/supabase-js@2.10.0/deno/supabase-js.js": "f0b58913fdf6a5e458b7622ea4ff08b1e22ce4f72b21c706940326329ce11e13",
    "https://esm.sh/v110/@supabase/supabase-js@2.10.0/dist/module/SupabaseClient.d.ts": "71a960b10da8ebaea40da1280e8fb988276c6bcd81a39c107df441a498e14225",
    "https://esm.sh/v110/@supabase/supabase-js@2.10.0/dist/module/index.d.ts": "36988cad8cd74133ac16aee4ad0663133048a8263ba81871be1b072211a63b7b",
    "https://esm.sh/v110/@supabase/supabase-js@2.10.0/dist/module/lib/SupabaseAuthClient.d.ts": "4c09e95e16f153148788a509eaf0319970eb26cbee82b093d4c049c4d64cb34b",
    "https://esm.sh/v110/@supabase/supabase-js@2.10.0/dist/module/lib/types.d.ts": "14320eaf25b56f16af5c09d045927e78594e67628f0e7da6ce0b6c5908352f4a",
    "https://esm.sh/v110/@types/phoenix@1.5.5/index.d.ts": "300750545fd185531167690e3e8c9d3a801ccf74b8ec06320fc894f900471735",
    "https://esm.sh/v110/cross-fetch@3.1.5/deno/cross-fetch.js": "98b8614cfe483226971d7d27cfb096fa10695d21614e128e14c6f329860da6e5",
    "https://esm.sh/v110/es5-ext@0.10.62/deno/global.js": "5fe45a955818afd1e0e8ad67eeb50f62a4b543588aefd727a1f9b732121a33fa",
    "https://esm.sh/v110/node.ns.d.ts": "0fb081f0cd2150931bd54baa04f31466abd9ca701fd9060d07931402cf8367ba",
    "https://esm.sh/v110/websocket@1.0.34/deno/websocket.js": "f4cf5e72850aa4b8e49dbad34f7d61d7ed418d5207457aa3a3426607ddccaa55"
  }
}
